
Microsoft Visual Studio Solution File, Format Version 12.00
# Visual Studio 15
VisualStudioVersion = 15.0.27703.2000
MinimumVisualStudioVersion = 10.0.40219.1
Project("{2150E333-8FDC-42A3-9474-1A3956D46DE8}") = "Infrastructure", "Infrastructure", "{46A904EE-2697-4D4E-86C8-4BCC131A5C7F}"
EndProject
Project("{9A19103F-16F7-4668-BE54-9A1E7A4F7556}") = "Boss.DDD.DomainBase", "Boss.DDD.DomainBase\Boss.DDD.DomainBase.csproj", "{D6F3F8F2-4705-4C99-997B-303059F3A202}"
EndProject
Project("{9A19103F-16F7-4668-BE54-9A1E7A4F7556}") = "Boss.DDD.Util", "Boss.DDD.Util\Boss.DDD.Util.csproj", "{E69ED3BF-FAAE-483E-8D3F-350472723965}"
EndProject
Project("{2150E333-8FDC-42A3-9474-1A3956D46DE8}") = "Product", "Product", "{A21EAAEC-D62B-4CDD-AD9F-45A48868AE4E}"
EndProject
Project("{9A19103F-16F7-4668-BE54-9A1E7A4F7556}") = "Boss.DDD.Domain", "Boss.DDD.Domain\Boss.DDD.Domain.csproj", "{359D27E7-A1B3-48A9-835E-1BF169D2DB9B}"
EndProject
Project("{9A19103F-16F7-4668-BE54-9A1E7A4F7556}") = "Boss.DDD.Repositorys", "Boss.DDD.Repositorys\Boss.DDD.Repositorys.csproj", "{A823237D-CB89-4104-8C51-A03EC1557F1E}"
EndProject
Project("{9A19103F-16F7-4668-BE54-9A1E7A4F7556}") = "Boss.DDD.AppServices", "Boss.DDD.AppServices\Boss.DDD.AppServices.csproj", "{3B75CCF4-3ECD-4CAF-B364-97D4F189C0A2}"
EndProject
Project("{9A19103F-16F7-4668-BE54-9A1E7A4F7556}") = "Boos.DDD.WebApi", "Boos.DDD.WebApi\Boos.DDD.WebApi.csproj", "{E6744DB6-AEF1-4C74-85FE-146263A6A9AF}"
EndProject
Project("{9A19103F-16F7-4668-BE54-9A1E7A4F7556}") = "Boss.DDD.Test", "Boss.DDD.Test\Boss.DDD.Test.csproj", "{10D23489-7076-410B-891C-04BFCA2E3237}"
EndProject
Global
	GlobalSection(SolutionConfigurationPlatforms) = preSolution
		Debug|Any CPU = Debug|Any CPU
		Release|Any CPU = Release|Any CPU
	EndGlobalSection
	GlobalSection(ProjectConfigurationPlatforms) = postSolution
		{D6F3F8F2-4705-4C99-997B-303059F3A202}.Debug|Any CPU.ActiveCfg = Debug|Any CPU
		{D6F3F8F2-4705-4C99-997B-303059F3A202}.Debug|Any CPU.Build.0 = Debug|Any CPU
		{D6F3F8F2-4705-4C99-997B-303059F3A202}.Release|Any CPU.ActiveCfg = Release|Any CPU
		{D6F3F8F2-4705-4C99-997B-303059F3A202}.Release|Any CPU.Build.0 = Release|Any CPU
		{E69ED3BF-FAAE-483E-8D3F-350472723965}.Debug|Any CPU.ActiveCfg = Debug|Any CPU
		{E69ED3BF-FAAE-483E-8D3F-350472723965}.Debug|Any CPU.Build.0 = Debug|Any CPU
		{E69ED3BF-FAAE-483E-8D3F-350472723965}.Release|Any CPU.ActiveCfg = Release|Any CPU
		{E69ED3BF-FAAE-483E-8D3F-350472723965}.Release|Any CPU.Build.0 = Release|Any CPU
		{359D27E7-A1B3-48A9-835E-1BF169D2DB9B}.Debug|Any CPU.ActiveCfg = Debug|Any CPU
		{359D27E7-A1B3-48A9-835E-1BF169D2DB9B}.Debug|Any CPU.Build.0 = Debug|Any CPU
		{359D27E7-A1B3-48A9-835E-1BF169D2DB9B}.Release|Any CPU.ActiveCfg = Release|Any CPU
		{359D27E7-A1B3-48A9-835E-1BF169D2DB9B}.Release|Any CPU.Build.0 = Release|Any CPU
		{A823237D-CB89-4104-8C51-A03EC1557F1E}.Debug|Any CPU.ActiveCfg = Debug|Any CPU
		{A823237D-CB89-4104-8C51-A03EC1557F1E}.Debug|Any CPU.Build.0 = Debug|Any CPU
		{A823237D-CB89-4104-8C51-A03EC1557F1E}.Release|Any CPU.ActiveCfg = Release|Any CPU
		{A823237D-CB89-4104-8C51-A03EC1557F1E}.Release|Any CPU.Build.0 = Release|Any CPU
		{3B75CCF4-3ECD-4CAF-B364-97D4F189C0A2}.Debug|Any CPU.ActiveCfg = Debug|Any CPU
		{3B75CCF4-3ECD-4CAF-B364-97D4F189C0A2}.Debug|Any CPU.Build.0 = Debug|Any CPU
		{3B75CCF4-3ECD-4CAF-B364-97D4F189C0A2}.Release|Any CPU.ActiveCfg = Release|Any CPU
		{3B75CCF4-3ECD-4CAF-B364-97D4F189C0A2}.Release|Any CPU.Build.0 = Release|Any CPU
		{E6744DB6-AEF1-4C74-85FE-146263A6A9AF}.Debug|Any CPU.ActiveCfg = Debug|Any CPU
		{E6744DB6-AEF1-4C74-85FE-146263A6A9AF}.Debug|Any CPU.Build.0 = Debug|Any CPU
		{E6744DB6-AEF1-4C74-85FE-146263A6A9AF}.Release|Any CPU.ActiveCfg = Release|Any CPU
		{E6744DB6-AEF1-4C74-85FE-146263A6A9AF}.Release|Any CPU.Build.0 = Release|Any CPU
		{10D23489-7076-410B-891C-04BFCA2E3237}.Debug|Any CPU.ActiveCfg = Debug|Any CPU
		{10D23489-7076-410B-891C-04BFCA2E3237}.Debug|Any CPU.Build.0 = Debug|Any CPU
		{10D23489-7076-410B-891C-04BFCA2E3237}.Release|Any CPU.ActiveCfg = Release|Any CPU
		{10D23489-7076-410B-891C-04BFCA2E3237}.Release|Any CPU.Build.0 = Release|Any CPU
	EndGlobalSection
	GlobalSection(SolutionProperties) = preSolution
		HideSolutionNode = FALSE
	EndGlobalSection
	GlobalSection(NestedProjects) = preSolution
		{D6F3F8F2-4705-4C99-997B-303059F3A202} = {46A904EE-2697-4D4E-86C8-4BCC131A5C7F}
		{E69ED3BF-FAAE-483E-8D3F-350472723965} = {46A904EE-2697-4D4E-86C8-4BCC131A5C7F}
		{359D27E7-A1B3-48A9-835E-1BF169D2DB9B} = {A21EAAEC-D62B-4CDD-AD9F-45A48868AE4E}
		{A823237D-CB89-4104-8C51-A03EC1557F1E} = {46A904EE-2697-4D4E-86C8-4BCC131A5C7F}
		{3B75CCF4-3ECD-4CAF-B364-97D4F189C0A2} = {A21EAAEC-D62B-4CDD-AD9F-45A48868AE4E}
		{E6744DB6-AEF1-4C74-85FE-146263A6A9AF} = {A21EAAEC-D62B-4CDD-AD9F-45A48868AE4E}
		{10D23489-7076-410B-891C-04BFCA2E3237} = {A21EAAEC-D62B-4CDD-AD9F-45A48868AE4E}
	EndGlobalSection
	GlobalSection(ExtensibilityGlobals) = postSolution
		SolutionGuid = {A20A43BB-9F18-423A-B37D-5F05CEA5D79B}
	EndGlobalSection
EndGlobal
